
Microsoft Visual Studio Solution File, Format Version 12.00
# Visual Studio Version 16
VisualStudioVersion = 16.0.31005.135
MinimumVisualStudioVersion = 10.0.40219.1
Project("{9A19103F-16F7-4668-BE54-9A1E7A4F7556}") = "Dio.Bank", "Dio.Bank.csproj", "{B27851CE-A8FD-4350-8FC4-E4A9C7AE49F3}"
EndProject
Global
	GlobalSection(SolutionConfigurationPlatforms) = preSolution
		Debug|Any CPU = Debug|Any CPU
		Release|Any CPU = Release|Any CPU
	EndGlobalSection
	GlobalSection(ProjectConfigurationPlatforms) = postSolution
		{B27851CE-A8FD-4350-8FC4-E4A9C7AE49F3}.Debug|Any CPU.ActiveCfg = Debug|Any CPU
		{B27851CE-A8FD-4350-8FC4-E4A9C7AE49F3}.Debug|Any CPU.Build.0 = Debug|Any CPU
		{B27851CE-A8FD-4350-8FC4-E4A9C7AE49F3}.Release|Any CPU.ActiveCfg = Release|Any CPU
		{B27851CE-A8FD-4350-8FC4-E4A9C7AE49F3}.Release|Any CPU.Build.0 = Release|Any CPU
	EndGlobalSection
	GlobalSection(SolutionProperties) = preSolution
		HideSolutionNode = FALSE
	EndGlobalSection
	GlobalSection(ExtensibilityGlobals) = postSolution
		SolutionGuid = {3E9C9343-466D-4410-BAA8-1691CACF915E}
	EndGlobalSection
EndGlobal
